
Microsoft Visual Studio Solution File, Format Version 12.00
# Visual Studio Version 17
VisualStudioVersion = 17.10.35027.167
MinimumVisualStudioVersion = 10.0.40219.1
Project("{888888A0-9F3D-457C-B088-3A5042F75D52}") = "library_management", "library_management\library_management.pyproj", "{B8DFAC67-5550-4BC8-84D9-2D4B21B98BFB}"
EndProject
Global
	GlobalSection(SolutionConfigurationPlatforms) = preSolution
		Debug|Any CPU = Debug|Any CPU
		Release|Any CPU = Release|Any CPU
	EndGlobalSection
	GlobalSection(ProjectConfigurationPlatforms) = postSolution
		{B8DFAC67-5550-4BC8-84D9-2D4B21B98BFB}.Debug|Any CPU.ActiveCfg = Debug|Any CPU
		{B8DFAC67-5550-4BC8-84D9-2D4B21B98BFB}.Release|Any CPU.ActiveCfg = Release|Any CPU
	EndGlobalSection
	GlobalSection(SolutionProperties) = preSolution
		HideSolutionNode = FALSE
	EndGlobalSection
	GlobalSection(ExtensibilityGlobals) = postSolution
		SolutionGuid = {95066522-2088-485A-9861-EF23B5C39131}
	EndGlobalSection
EndGlobal
